
Microsoft Visual Studio Solution File, Format Version 12.00
# Visual Studio Version 17
VisualStudioVersion = 17.11.35222.181
MinimumVisualStudioVersion = 10.0.40219.1
Project("{9A19103F-16F7-4668-BE54-9A1E7A4F7556}") = "CoverLetterGenerator.Api", "CoverLetterGenerator.Api\CoverLetterGenerator.Api.csproj", "{EB107718-F1F6-4B15-ACC3-946D729EDE89}"
EndProject
Project("{9A19103F-16F7-4668-BE54-9A1E7A4F7556}") = "CoverLetterGenerator.Service", "CoverLetterGenerator.Service\CoverLetterGenerator.Service.csproj", "{38EA301D-3C4D-4F05-BC42-7648956E1AFD}"
EndProject
Project("{FAE04EC0-301F-11D3-BF4B-00C04F79EFBC}") = "CoverLetterGenerator.Web", "CoverLetterGenerator.Web\CoverLetterGenerator.Web.csproj", "{42E414B0-4E37-4126-8944-55E88200F1A0}"
EndProject
Global
	GlobalSection(SolutionConfigurationPlatforms) = preSolution
		Debug|Any CPU = Debug|Any CPU
		Release|Any CPU = Release|Any CPU
	EndGlobalSection
	GlobalSection(ProjectConfigurationPlatforms) = postSolution
		{EB107718-F1F6-4B15-ACC3-946D729EDE89}.Debug|Any CPU.ActiveCfg = Debug|Any CPU
		{EB107718-F1F6-4B15-ACC3-946D729EDE89}.Debug|Any CPU.Build.0 = Debug|Any CPU
		{EB107718-F1F6-4B15-ACC3-946D729EDE89}.Release|Any CPU.ActiveCfg = Release|Any CPU
		{EB107718-F1F6-4B15-ACC3-946D729EDE89}.Release|Any CPU.Build.0 = Release|Any CPU
		{38EA301D-3C4D-4F05-BC42-7648956E1AFD}.Debug|Any CPU.ActiveCfg = Debug|Any CPU
		{38EA301D-3C4D-4F05-BC42-7648956E1AFD}.Debug|Any CPU.Build.0 = Debug|Any CPU
		{38EA301D-3C4D-4F05-BC42-7648956E1AFD}.Release|Any CPU.ActiveCfg = Release|Any CPU
		{38EA301D-3C4D-4F05-BC42-7648956E1AFD}.Release|Any CPU.Build.0 = Release|Any CPU
		{42E414B0-4E37-4126-8944-55E88200F1A0}.Debug|Any CPU.ActiveCfg = Debug|Any CPU
		{42E414B0-4E37-4126-8944-55E88200F1A0}.Debug|Any CPU.Build.0 = Debug|Any CPU
		{42E414B0-4E37-4126-8944-55E88200F1A0}.Release|Any CPU.ActiveCfg = Release|Any CPU
		{42E414B0-4E37-4126-8944-55E88200F1A0}.Release|Any CPU.Build.0 = Release|Any CPU
	EndGlobalSection
	GlobalSection(SolutionProperties) = preSolution
		HideSolutionNode = FALSE
	EndGlobalSection
	GlobalSection(ExtensibilityGlobals) = postSolution
		SolutionGuid = {7543E9ED-D094-42FC-8F2B-AC5C8BF43ED9}
	EndGlobalSection
EndGlobal
